
Microsoft Visual Studio Solution File, Format Version 12.00
# Visual Studio Version 17
VisualStudioVersion = 17.7.34003.232
MinimumVisualStudioVersion = 10.0.40219.1
Project("{9A19103F-16F7-4668-BE54-9A1E7A4F7556}") = "FoxicUI", "FoxicUI\FoxicUI.csproj", "{A3CEA4A3-DC4F-40E1-9E24-173F4554D231}"
EndProject
Project("{9A19103F-16F7-4668-BE54-9A1E7A4F7556}") = "Foxic.DataAccess", "Foxic.DataAccess\Foxic.DataAccess.csproj", "{29975DE6-B04F-4F85-8993-B467EE9EFE9B}"
EndProject
Project("{9A19103F-16F7-4668-BE54-9A1E7A4F7556}") = "Foxic.Core", "Foxic.Core\Foxic.Core.csproj", "{23610892-4E44-4E5A-9EFC-0CC28DAFD9A9}"
EndProject
Project("{FAE04EC0-301F-11D3-BF4B-00C04F79EFBC}") = "Foxic.Buisness", "FoxicBuisness\Foxic.Buisness.csproj", "{2030E51C-6D10-41B9-92AE-227F0FB99734}"
EndProject
Global
	GlobalSection(SolutionConfigurationPlatforms) = preSolution
		Debug|Any CPU = Debug|Any CPU
		Release|Any CPU = Release|Any CPU
	EndGlobalSection
	GlobalSection(ProjectConfigurationPlatforms) = postSolution
		{A3CEA4A3-DC4F-40E1-9E24-173F4554D231}.Debug|Any CPU.ActiveCfg = Debug|Any CPU
		{A3CEA4A3-DC4F-40E1-9E24-173F4554D231}.Debug|Any CPU.Build.0 = Debug|Any CPU
		{A3CEA4A3-DC4F-40E1-9E24-173F4554D231}.Release|Any CPU.ActiveCfg = Release|Any CPU
		{A3CEA4A3-DC4F-40E1-9E24-173F4554D231}.Release|Any CPU.Build.0 = Release|Any CPU
		{29975DE6-B04F-4F85-8993-B467EE9EFE9B}.Debug|Any CPU.ActiveCfg = Debug|Any CPU
		{29975DE6-B04F-4F85-8993-B467EE9EFE9B}.Debug|Any CPU.Build.0 = Debug|Any CPU
		{29975DE6-B04F-4F85-8993-B467EE9EFE9B}.Release|Any CPU.ActiveCfg = Release|Any CPU
		{29975DE6-B04F-4F85-8993-B467EE9EFE9B}.Release|Any CPU.Build.0 = Release|Any CPU
		{23610892-4E44-4E5A-9EFC-0CC28DAFD9A9}.Debug|Any CPU.ActiveCfg = Debug|Any CPU
		{23610892-4E44-4E5A-9EFC-0CC28DAFD9A9}.Debug|Any CPU.Build.0 = Debug|Any CPU
		{23610892-4E44-4E5A-9EFC-0CC28DAFD9A9}.Release|Any CPU.ActiveCfg = Release|Any CPU
		{23610892-4E44-4E5A-9EFC-0CC28DAFD9A9}.Release|Any CPU.Build.0 = Release|Any CPU
		{2030E51C-6D10-41B9-92AE-227F0FB99734}.Debug|Any CPU.ActiveCfg = Debug|Any CPU
		{2030E51C-6D10-41B9-92AE-227F0FB99734}.Debug|Any CPU.Build.0 = Debug|Any CPU
		{2030E51C-6D10-41B9-92AE-227F0FB99734}.Release|Any CPU.ActiveCfg = Release|Any CPU
		{2030E51C-6D10-41B9-92AE-227F0FB99734}.Release|Any CPU.Build.0 = Release|Any CPU
	EndGlobalSection
	GlobalSection(SolutionProperties) = preSolution
		HideSolutionNode = FALSE
	EndGlobalSection
	GlobalSection(ExtensibilityGlobals) = postSolution
		SolutionGuid = {CDE3AD93-4F68-44CC-950D-E74ACC6E8D00}
	EndGlobalSection
EndGlobal
